
Microsoft Visual Studio Solution File, Format Version 12.00
# Visual Studio Version 16
VisualStudioVersion = 16.0.31402.337
MinimumVisualStudioVersion = 10.0.40219.1
Project("{FAE04EC0-301F-11D3-BF4B-00C04F79EFBC}") = "CreateReadUpdateDelete(CRUD) System", "CreateReadUpdateDelete(CRUD) System\CreateReadUpdateDelete(CRUD) System.csproj", "{FE682033-CC01-42A8-B85C-4A4A25301996}"
EndProject
Global
	GlobalSection(SolutionConfigurationPlatforms) = preSolution
		Debug|Any CPU = Debug|Any CPU
		Release|Any CPU = Release|Any CPU
	EndGlobalSection
	GlobalSection(ProjectConfigurationPlatforms) = postSolution
		{FE682033-CC01-42A8-B85C-4A4A25301996}.Debug|Any CPU.ActiveCfg = Debug|Any CPU
		{FE682033-CC01-42A8-B85C-4A4A25301996}.Debug|Any CPU.Build.0 = Debug|Any CPU
		{FE682033-CC01-42A8-B85C-4A4A25301996}.Release|Any CPU.ActiveCfg = Release|Any CPU
		{FE682033-CC01-42A8-B85C-4A4A25301996}.Release|Any CPU.Build.0 = Release|Any CPU
	EndGlobalSection
	GlobalSection(SolutionProperties) = preSolution
		HideSolutionNode = FALSE
	EndGlobalSection
	GlobalSection(ExtensibilityGlobals) = postSolution
		SolutionGuid = {56E2BBB0-1CD9-4E67-934D-B5F5BFC52D70}
	EndGlobalSection
EndGlobal
